
Microsoft Visual Studio Solution File, Format Version 11.00
# Visual Studio 2010
Project("{FAE04EC0-301F-11D3-BF4B-00C04F79EFBC}") = "graphiccontrol", "graphiccontrol\graphiccontrol.csproj", "{979C5A59-3DF9-4776-85F2-BB8734637108}"
EndProject
Global
	GlobalSection(SolutionConfigurationPlatforms) = preSolution
		Debug|Any CPU = Debug|Any CPU
		Release|Any CPU = Release|Any CPU
	EndGlobalSection
	GlobalSection(ProjectConfigurationPlatforms) = postSolution
		{979C5A59-3DF9-4776-85F2-BB8734637108}.Debug|Any CPU.ActiveCfg = Debug|Any CPU
		{979C5A59-3DF9-4776-85F2-BB8734637108}.Debug|Any CPU.Build.0 = Debug|Any CPU
		{979C5A59-3DF9-4776-85F2-BB8734637108}.Release|Any CPU.ActiveCfg = Release|Any CPU
		{979C5A59-3DF9-4776-85F2-BB8734637108}.Release|Any CPU.Build.0 = Release|Any CPU
	EndGlobalSection
	GlobalSection(SolutionProperties) = preSolution
		HideSolutionNode = FALSE
	EndGlobalSection
EndGlobal
